// !$*UTF8*$!
{
	archiveVersion = 1;
	classes = {
	};
	objectVersion = 50;
	objects = {

/* Begin PBXBuildFile section */
		B4E660E7255AF84800B61F8E /* main.cpp in Sources */ = {isa = PBXBuildFile; fileRef = B4E660E6255AF84800B61F8E /* main.cpp */; };
		B4E660F6255AF88C00B61F8E /* main.cpp in Sources */ = {isa = PBXBuildFile; fileRef = B4E660F5255AF88C00B61F8E /* main.cpp */; };
/* End PBXBuildFile section */

/* Begin PBXCopyFilesBuildPhase section */
		B4E660E1255AF84800B61F8E /* CopyFiles */ = {
			isa = PBXCopyFilesBuildPhase;
			buildActionMask = 2147483647;
			dstPath = /usr/share/man/man1/;
			dstSubfolderSpec = 0;
			files = (
			);
			runOnlyForDeploymentPostprocessing = 1;
		};
		B4E660F1255AF88C00B61F8E /* CopyFiles */ = {
			isa = PBXCopyFilesBuildPhase;
			buildActionMask = 2147483647;
			dstPath = /usr/share/man/man1/;
			dstSubfolderSpec = 0;
			files = (
			);
			runOnlyForDeploymentPostprocessing = 1;
		};
/* End PBXCopyFilesBuildPhase section */

/* Begin PBXFileReference section */
		B4E660E3255AF84800B61F8E /* Control FlowDesign, Functions Basics, Testing and Debugging */ = {isa = PBXFileReference; explicitFileType = "compiled.mach-o.executable"; includeInIndex = 0; path = "Control FlowDesign, Functions Basics, Testing and Debugging"; sourceTree = BUILT_PRODUCTS_DIR; };
		B4E660E6255AF84800B61F8E /* main.cpp */ = {isa = PBXFileReference; lastKnownFileType = sourcecode.cpp.cpp; path = main.cpp; sourceTree = "<group>"; };
		B4E660F3255AF88C00B61F8E /* q2 */ = {isa = PBXFileReference; explicitFileType = "compiled.mach-o.executable"; includeInIndex = 0; path = q2; sourceTree = BUILT_PRODUCTS_DIR; };
		B4E660F5255AF88C00B61F8E /* main.cpp */ = {isa = PBXFileReference; lastKnownFileType = sourcecode.cpp.cpp; path = main.cpp; sourceTree = "<group>"; };
/* End PBXFileReference section */

/* Begin PBXFrameworksBuildPhase section */
		B4E660E0255AF84800B61F8E /* Frameworks */ = {
			isa = PBXFrameworksBuildPhase;
			buildActionMask = 2147483647;
			files = (
			);
			runOnlyForDeploymentPostprocessing = 0;
		};
		B4E660F0255AF88C00B61F8E /* Frameworks */ = {
			isa = PBXFrameworksBuildPhase;
			buildActionMask = 2147483647;
			files = (
			);
			runOnlyForDeploymentPostprocessing = 0;
		};
/* End PBXFrameworksBuildPhase section */

/* Begin PBXGroup section */
		B4E660DA255AF84800B61F8E = {
			isa = PBXGroup;
			children = (
				B4E660E5255AF84800B61F8E /* Prime Numbers */,
				B4E660F4255AF88C00B61F8E /* Baseball Drop */,
				B4E660E4255AF84800B61F8E /* Products */,
			);
			sourceTree = "<group>";
		};
		B4E660E4255AF84800B61F8E /* Products */ = {
			isa = PBXGroup;
			children = (
				B4E660E3255AF84800B61F8E /* Control FlowDesign, Functions Basics, Testing and Debugging */,
				B4E660F3255AF88C00B61F8E /* q2 */,
			);
			name = Products;
			sourceTree = "<group>";
		};
		B4E660E5255AF84800B61F8E /* Prime Numbers */ = {
			isa = PBXGroup;
			children = (
				B4E660E6255AF84800B61F8E /* main.cpp */,
			);
			path = "Prime Numbers";
			sourceTree = "<group>";
		};
		B4E660F4255AF88C00B61F8E /* Baseball Drop */ = {
			isa = PBXGroup;
			children = (
				B4E660F5255AF88C00B61F8E /* main.cpp */,
			);
			path = "Baseball Drop";
			sourceTree = "<group>";
		};
/* End PBXGroup section */

/* Begin PBXNativeTarget section */
		B4E660E2255AF84800B61F8E /* Control FlowDesign, Functions Basics, Testing and Debugging */ = {
			isa = PBXNativeTarget;
			buildConfigurationList = B4E660EA255AF84800B61F8E /* Build configuration list for PBXNativeTarget "Control FlowDesign, Functions Basics, Testing and Debugging" */;
			buildPhases = (
				B4E660DF255AF84800B61F8E /* Sources */,
				B4E660E0255AF84800B61F8E /* Frameworks */,
				B4E660E1255AF84800B61F8E /* CopyFiles */,
			);
			buildRules = (
			);
			dependencies = (
			);
			name = "Control FlowDesign, Functions Basics, Testing and Debugging";
			productName = "Control FlowDesign, Functions Basics, Testing and Debugging";
			productReference = B4E660E3255AF84800B61F8E /* Control FlowDesign, Functions Basics, Testing and Debugging */;
			productType = "com.apple.product-type.tool";
		};
		B4E660F2255AF88C00B61F8E /* q2 */ = {
			isa = PBXNativeTarget;
			buildConfigurationList = B4E660F7255AF88C00B61F8E /* Build configuration list for PBXNativeTarget "q2" */;
			buildPhases = (
				B4E660EF255AF88C00B61F8E /* Sources */,
				B4E660F0255AF88C00B61F8E /* Frameworks */,
				B4E660F1255AF88C00B61F8E /* CopyFiles */,
			);
			buildRules = (
			);
			dependencies = (
			);
			name = q2;
			productName = q2;
			productReference = B4E660F3255AF88C00B61F8E /* q2 */;
			productType = "com.apple.product-type.tool";
		};
/* End PBXNativeTarget section */

/* Begin PBXProject section */
		B4E660DB255AF84800B61F8E /* Project object */ = {
			isa = PBXProject;
			attributes = {
				LastUpgradeCheck = 1210;
				TargetAttributes = {
					B4E660E2255AF84800B61F8E = {
						CreatedOnToolsVersion = 12.1;
					};
					B4E660F2255AF88C00B61F8E = {
						CreatedOnToolsVersion = 12.1;
					};
				};
			};
			buildConfigurationList = B4E660DE255AF84800B61F8E /* Build configuration list for PBXProject "Control FlowDesign, Functions Basics, Testing and Debugging" */;
			compatibilityVersion = "Xcode 9.3";
			developmentRegion = en;
			hasScannedForEncodings = 0;
			knownRegions = (
				en,
				Base,
			);
			mainGroup = B4E660DA255AF84800B61F8E;
			productRefGroup = B4E660E4255AF84800B61F8E /* Products */;
			projectDirPath = "";
			projectRoot = "";
			targets = (
				B4E660E2255AF84800B61F8E /* Control FlowDesign, Functions Basics, Testing and Debugging */,
				B4E660F2255AF88C00B61F8E /* q2 */,
			);
		};
/* End PBXProject section */

/* Begin PBXSourcesBuildPhase section */
		B4E660DF255AF84800B61F8E /* Sources */ = {
			isa = PBXSourcesBuildPhase;
			buildActionMask = 2147483647;
			files = (
				B4E660E7255AF84800B61F8E /* main.cpp in Sources */,
			);
			runOnlyForDeploymentPostprocessing = 0;
		};
		B4E660EF255AF88C00B61F8E /* Sources */ = {
			isa = PBXSourcesBuildPhase;
			buildActionMask = 2147483647;
			files = (
				B4E660F6255AF88C00B61F8E /* main.cpp in Sources */,
			);
			runOnlyForDeploymentPostprocessing = 0;
		};
/* End PBXSourcesBuildPhase section */

/* Begin XCBuildConfiguration section */
		B4E660E8255AF84800B61F8E /* Debug */ = {
			isa = XCBuildConfiguration;
			buildSettings = {
				ALWAYS_SEARCH_USER_PATHS = NO;
				CLANG_ANALYZER_NONNULL = YES;
				CLANG_ANALYZER_NUMBER_OBJECT_CONVERSION = YES_AGGRESSIVE;
				CLANG_CXX_LANGUAGE_STANDARD = "gnu++14";
				CLANG_CXX_LIBRARY = "libc++";
				CLANG_ENABLE_MODULES = YES;
				CLANG_ENABLE_OBJC_ARC = YES;
				CLANG_ENABLE_OBJC_WEAK = YES;
				CLANG_WARN_BLOCK_CAPTURE_AUTORELEASING = YES;
				CLANG_WARN_BOOL_CONVERSION = YES;
				CLANG_WARN_COMMA = YES;
				CLANG_WARN_CONSTANT_CONVERSION = YES;
				CLANG_WARN_DEPRECATED_OBJC_IMPLEMENTATIONS = YES;
				CLANG_WARN_DIRECT_OBJC_ISA_USAGE = YES_ERROR;
				CLANG_WARN_DOCUMENTATION_COMMENTS = YES;
				CLANG_WARN_EMPTY_BODY = YES;
				CLANG_WARN_ENUM_CONVERSION = YES;
				CLANG_WARN_INFINITE_RECURSION = YES;
				CLANG_WARN_INT_CONVERSION = YES;
				CLANG_WARN_NON_LITERAL_NULL_CONVERSION = YES;
				CLANG_WARN_OBJC_IMPLICIT_RETAIN_SELF = YES;
				CLANG_WARN_OBJC_LITERAL_CONVERSION = YES;
				CLANG_WARN_OBJC_ROOT_CLASS = YES_ERROR;
				CLANG_WARN_QUOTED_INCLUDE_IN_FRAMEWORK_HEADER = YES;
				CLANG_WARN_RANGE_LOOP_ANALYSIS = YES;
				CLANG_WARN_STRICT_PROTOTYPES = YES;
				CLANG_WARN_SUSPICIOUS_MOVE = YES;
				CLANG_WARN_UNGUARDED_AVAILABILITY = YES_AGGRESSIVE;
				CLANG_WARN_UNREACHABLE_CODE = YES;
				CLANG_WARN__DUPLICATE_METHOD_MATCH = YES;
				COPY_PHASE_STRIP = NO;
				DEBUG_INFORMATION_FORMAT = dwarf;
				ENABLE_STRICT_OBJC_MSGSEND = YES;
				ENABLE_TESTABILITY = YES;
				GCC_C_LANGUAGE_STANDARD = gnu11;
				GCC_DYNAMIC_NO_PIC = NO;
				GCC_NO_COMMON_BLOCKS = YES;
				GCC_OPTIMIZATION_LEVEL = 0;
				GCC_PREPROCESSOR_DEFINITIONS = (
					"DEBUG=1",
					"$(inherited)",
				);
				GCC_WARN_64_TO_32_BIT_CONVERSION = YES;
				GCC_WARN_ABOUT_RETURN_TYPE = YES_ERROR;
				GCC_WARN_UNDECLARED_SELECTOR = YES;
				GCC_WARN_UNINITIALIZED_AUTOS = YES_AGGRESSIVE;
				GCC_WARN_UNUSED_FUNCTION = YES;
				GCC_WARN_UNUSED_VARIABLE = YES;
				MACOSX_DEPLOYMENT_TARGET = 10.15;
				MTL_ENABLE_DEBUG_INFO = INCLUDE_SOURCE;
				MTL_FAST_MATH = YES;
				ONLY_ACTIVE_ARCH = YES;
				SDKROOT = macosx;
			};
			name = Debug;
		};
		B4E660E9255AF84800B61F8E /* Release */ = {
			isa = XCBuildConfiguration;
			buildSettings = {
				ALWAYS_SEARCH_USER_PATHS = NO;
				CLANG_ANALYZER_NONNULL = YES;
				CLANG_ANALYZER_NUMBER_OBJECT_CONVERSION = YES_AGGRESSIVE;
				CLANG_CXX_LANGUAGE_STANDARD = "gnu++14";
				CLANG_CXX_LIBRARY = "libc++";
				CLANG_ENABLE_MODULES = YES;
				CLANG_ENABLE_OBJC_ARC = YES;
				CLANG_ENABLE_OBJC_WEAK = YES;
				CLANG_WARN_BLOCK_CAPTURE_AUTORELEASING = YES;
				CLANG_WARN_BOOL_CONVERSION = YES;
				CLANG_WARN_COMMA = YES;
				CLANG_WARN_CONSTANT_CONVERSION = YES;
				CLANG_WARN_DEPRECATED_OBJC_IMPLEMENTATIONS = YES;
				CLANG_WARN_DIRECT_OBJC_ISA_USAGE = YES_ERROR;
				CLANG_WARN_DOCUMENTATION_COMMENTS = YES;
				CLANG_WARN_EMPTY_BODY = YES;
				CLANG_WARN_ENUM_CONVERSION = YES;
				CLANG_WARN_INFINITE_RECURSION = YES;
				CLANG_WARN_INT_CONVERSION = YES;
				CLANG_WARN_NON_LITERAL_NULL_CONVERSION = YES;
				CLANG_WARN_OBJC_IMPLICIT_RETAIN_SELF = YES;
				CLANG_WARN_OBJC_LITERAL_CONVERSION = YES;
				CLANG_WARN_OBJC_ROOT_CLASS = YES_ERROR;
				CLANG_WARN_QUOTED_INCLUDE_IN_FRAMEWORK_HEADER = YES;
				CLANG_WARN_RANGE_LOOP_ANALYSIS = YES;
				CLANG_WARN_STRICT_PROTOTYPES = YES;
				CLANG_WARN_SUSPICIOUS_MOVE = YES;
				CLANG_WARN_UNGUARDED_AVAILABILITY = YES_AGGRESSIVE;
				CLANG_WARN_UNREACHABLE_CODE = YES;
				CLANG_WARN__DUPLICATE_METHOD_MATCH = YES;
				COPY_PHASE_STRIP = NO;
				DEBUG_INFORMATION_FORMAT = "dwarf-with-dsym";
				ENABLE_NS_ASSERTIONS = NO;
				ENABLE_STRICT_OBJC_MSGSEND = YES;
				GCC_C_LANGUAGE_STANDARD = gnu11;
				GCC_NO_COMMON_BLOCKS = YES;
				GCC_WARN_64_TO_32_BIT_CONVERSION = YES;
				GCC_WARN_ABOUT_RETURN_TYPE = YES_ERROR;
				GCC_WARN_UNDECLARED_SELECTOR = YES;
				GCC_WARN_UNINITIALIZED_AUTOS = YES_AGGRESSIVE;
				GCC_WARN_UNUSED_FUNCTION = YES;
				GCC_WARN_UNUSED_VARIABLE = YES;
				MACOSX_DEPLOYMENT_TARGET = 10.15;
				MTL_ENABLE_DEBUG_INFO = NO;
				MTL_FAST_MATH = YES;
				SDKROOT = macosx;
			};
			name = Release;
		};
		B4E660EB255AF84800B61F8E /* Debug */ = {
			isa = XCBuildConfiguration;
			buildSettings = {
				CODE_SIGN_STYLE = Automatic;
				PRODUCT_NAME = "$(TARGET_NAME)";
			};
			name = Debug;
		};
		B4E660EC255AF84800B61F8E /* Release */ = {
			isa = XCBuildConfiguration;
			buildSettings = {
				CODE_SIGN_STYLE = Automatic;
				PRODUCT_NAME = "$(TARGET_NAME)";
			};
			name = Release;
		};
		B4E660F8255AF88C00B61F8E /* Debug */ = {
			isa = XCBuildConfiguration;
			buildSettings = {
				CODE_SIGN_STYLE = Automatic;
				PRODUCT_NAME = "$(TARGET_NAME)";
			};
			name = Debug;
		};
		B4E660F9255AF88C00B61F8E /* Release */ = {
			isa = XCBuildConfiguration;
			buildSettings = {
				CODE_SIGN_STYLE = Automatic;
				PRODUCT_NAME = "$(TARGET_NAME)";
			};
			name = Release;
		};
/* End XCBuildConfiguration section */

/* Begin XCConfigurationList section */
		B4E660DE255AF84800B61F8E /* Build configuration list for PBXProject "Control FlowDesign, Functions Basics, Testing and Debugging" */ = {
			isa = XCConfigurationList;
			buildConfigurations = (
				B4E660E8255AF84800B61F8E /* Debug */,
				B4E660E9255AF84800B61F8E /* Release */,
			);
			defaultConfigurationIsVisible = 0;
			defaultConfigurationName = Release;
		};
		B4E660EA255AF84800B61F8E /* Build configuration list for PBXNativeTarget "Control FlowDesign, Functions Basics, Testing and Debugging" */ = {
			isa = XCConfigurationList;
			buildConfigurations = (
				B4E660EB255AF84800B61F8E /* Debug */,
				B4E660EC255AF84800B61F8E /* Release */,
			);
			defaultConfigurationIsVisible = 0;
			defaultConfigurationName = Release;
		};
		B4E660F7255AF88C00B61F8E /* Build configuration list for PBXNativeTarget "q2" */ = {
			isa = XCConfigurationList;
			buildConfigurations = (
				B4E660F8255AF88C00B61F8E /* Debug */,
				B4E660F9255AF88C00B61F8E /* Release */,
			);
			defaultConfigurationIsVisible = 0;
			defaultConfigurationName = Release;
		};
/* End XCConfigurationList section */
	};
	rootObject = B4E660DB255AF84800B61F8E /* Project object */;
}
